# This file is automatically @generated by Cargo.
# It is not intended for manual editing.
version = 3

[[package]]
name = "addr2line"
version = "0.17.0"
source = "registry+https://github.com/rust-lang/crates.io-index"
checksum = "b9ecd88a8c8378ca913a680cd98f0f13ac67383d35993f86c90a70e3f137816b"
dependencies = [
 "gimli",
]

[[package]]
name = "adler"
version = "1.0.2"
source = "registry+https://github.com/rust-lang/crates.io-index"
checksum = "f26201604c87b1e01bd3d98f8d5d9a8fcbb815e8cedb41ffccbeb4bf593a35fe"

[[package]]
name = "aho-corasick"
version = "0.7.18"
source = "registry+https://github.com/rust-lang/crates.io-index"
checksum = "1e37cfd5e7657ada45f742d6e99ca5788580b5c529dc78faf11ece6dc702656f"
dependencies = [
 "memchr",
]

[[package]]
name = "ansi_term"
version = "0.12.1"
source = "registry+https://github.com/rust-lang/crates.io-index"
checksum = "d52a9bb7ec0cf484c551830a7ce27bd20d67eac647e1befb56b0be4ee39a55d2"
dependencies = [
 "winapi",
]

[[package]]
name = "approx"
version = "0.4.0"
source = "registry+https://github.com/rust-lang/crates.io-index"
checksum = "3f2a05fd1bd10b2527e20a2cd32d8873d115b8b39fe219ee25f42a8aca6ba278"
dependencies = [
 "num-traits",
]

[[package]]
name = "atty"
version = "0.2.14"
source = "registry+https://github.com/rust-lang/crates.io-index"
checksum = "d9b39be18770d11421cdb1b9947a45dd3f37e93092cbf377614828a319d5fee8"
dependencies = [
 "hermit-abi",
 "libc",
 "winapi",
]

[[package]]
name = "autocfg"
version = "1.1.0"
source = "registry+https://github.com/rust-lang/crates.io-index"
checksum = "d468802bab17cbc0cc575e9b053f41e72aa36bfa6b7f55e3529ffa43161b97fa"

[[package]]
name = "backtrace"
version = "0.3.66"
source = "registry+https://github.com/rust-lang/crates.io-index"
checksum = "cab84319d616cfb654d03394f38ab7e6f0919e181b1b57e1fd15e7fb4077d9a7"
dependencies = [
 "addr2line",
 "cc",
 "cfg-if",
 "libc",
 "miniz_oxide",
 "object",
 "rustc-demangle",
]

[[package]]
name = "base64"
version = "0.13.0"
source = "registry+https://github.com/rust-lang/crates.io-index"
checksum = "904dfeac50f3cdaba28fc6f57fdcddb75f49ed61346676a78c4ffe55877802fd"

[[package]]
name = "bindgen"
version = "0.59.2"
source = "registry+https://github.com/rust-lang/crates.io-index"
checksum = "2bd2a9a458e8f4304c52c43ebb0cfbd520289f8379a52e329a38afda99bf8eb8"
dependencies = [
 "bitflags",
 "cexpr",
 "clang-sys",
 "clap",
 "env_logger",
 "lazy_static",
 "lazycell",
 "log",
 "peeking_take_while",
 "proc-macro2",
 "quote",
 "regex",
 "rustc-hash",
 "shlex",
 "which",
]

[[package]]
name = "bitflags"
version = "1.3.2"
source = "registry+https://github.com/rust-lang/crates.io-index"
checksum = "bef38d45163c2f1dde094a7dfd33ccf595c92905c8f8f4fdc18d06fb1037718a"

[[package]]
name = "bumpalo"
version = "3.10.0"
source = "registry+https://github.com/rust-lang/crates.io-index"
checksum = "37ccbd214614c6783386c1af30caf03192f17891059cecc394b4fb119e363de3"

[[package]]
name = "bytecount"
version = "0.6.3"
source = "registry+https://github.com/rust-lang/crates.io-index"
checksum = "2c676a478f63e9fa2dd5368a42f28bba0d6c560b775f38583c8bbaa7fcd67c9c"

[[package]]
name = "cc"
version = "1.0.73"
source = "registry+https://github.com/rust-lang/crates.io-index"
checksum = "2fff2a6927b3bb87f9595d67196a70493f627687a71d87a0d692242c33f58c11"

[[package]]
name = "cexpr"
version = "0.6.0"
source = "registry+https://github.com/rust-lang/crates.io-index"
checksum = "6fac387a98bb7c37292057cffc56d62ecb629900026402633ae9160df93a8766"
dependencies = [
 "nom",
]

[[package]]
name = "cfg-if"
version = "1.0.0"
source = "registry+https://github.com/rust-lang/crates.io-index"
checksum = "baf1de4339761588bc0619e3cbc0120ee582ebb74b53b4efbf79117bd2da40fd"

[[package]]
name = "cgmath"
version = "0.18.0"
source = "registry+https://github.com/rust-lang/crates.io-index"
checksum = "1a98d30140e3296250832bbaaff83b27dcd6fa3cc70fb6f1f3e5c9c0023b5317"
dependencies = [
 "approx",
 "num-traits",
]

[[package]]
name = "chunked_transfer"
version = "1.4.0"
source = "registry+https://github.com/rust-lang/crates.io-index"
checksum = "fff857943da45f546682664a79488be82e69e43c1a7a2307679ab9afb3a66d2e"

[[package]]
name = "clang-sys"
version = "1.0.1"
source = "registry+https://github.com/rust-lang/crates.io-index"
checksum = "fa785e9017cb8e8c8045e3f096b7d1ebc4d7337cceccdca8d678a27f788ac133"
dependencies = [
 "glob",
 "libc",
 "libloading",
]

[[package]]
name = "clap"
version = "2.34.0"
source = "registry+https://github.com/rust-lang/crates.io-index"
checksum = "a0610544180c38b88101fecf2dd634b174a62eef6946f84dfc6a7127512b381c"
dependencies = [
 "ansi_term",
 "atty",
 "bitflags",
 "strsim",
 "textwrap",
 "unicode-width",
 "vec_map",
]

[[package]]
name = "core-foundation"
version = "0.9.3"
source = "registry+https://github.com/rust-lang/crates.io-index"
checksum = "194a7a9e6de53fa55116934067c844d9d749312f75c6f6d0980e8c252f8c2146"
dependencies = [
 "core-foundation-sys",
 "libc",
]

[[package]]
name = "core-foundation-sys"
version = "0.8.3"
source = "registry+https://github.com/rust-lang/crates.io-index"
checksum = "5827cebf4670468b8772dd191856768aedcb1b0278a04f989f7766351917b9dc"

[[package]]
name = "crc32fast"
version = "1.3.2"
source = "registry+https://github.com/rust-lang/crates.io-index"
checksum = "b540bd8bc810d3885c6ea91e2018302f68baba2129ab3e88f32389ee9370880d"
dependencies = [
 "cfg-if",
]

[[package]]
name = "ctor"
version = "0.1.23"
source = "registry+https://github.com/rust-lang/crates.io-index"
checksum = "cdffe87e1d521a10f9696f833fe502293ea446d7f256c06128293a4119bdf4cb"
dependencies = [
 "quote",
 "syn",
]

[[package]]
name = "diagram-maker"
version = "0.1.0"
dependencies = [
 "cgmath",
 "open",
 "skia-safe",
 "wolfram-expr",
 "wolfram-library-link",
]

[[package]]
name = "either"
version = "1.7.0"
source = "registry+https://github.com/rust-lang/crates.io-index"
checksum = "3f107b87b6afc2a64fd13cac55fe06d6c8859f12d4b14cbcdd2c67d0976781be"

[[package]]
name = "env_logger"
version = "0.9.0"
source = "registry+https://github.com/rust-lang/crates.io-index"
checksum = "0b2cf0344971ee6c64c31be0d530793fba457d322dfec2810c453d0ef228f9c3"
dependencies = [
 "atty",
 "humantime",
 "log",
 "regex",
 "termcolor",
]

[[package]]
name = "filetime"
version = "0.2.17"
source = "registry+https://github.com/rust-lang/crates.io-index"
checksum = "e94a7bbaa59354bc20dd75b67f23e2797b4490e9d6928203fb105c79e448c86c"
dependencies = [
 "cfg-if",
 "libc",
 "redox_syscall",
 "windows-sys",
]

[[package]]
name = "flate2"
version = "1.0.24"
source = "registry+https://github.com/rust-lang/crates.io-index"
checksum = "f82b0f4c27ad9f8bfd1f3208d882da2b09c301bc1c828fd3a00d0216d2fbbff6"
dependencies = [
 "crc32fast",
 "miniz_oxide",
]

[[package]]
name = "form_urlencoded"
version = "1.0.1"
source = "registry+https://github.com/rust-lang/crates.io-index"
checksum = "5fc25a87fa4fd2094bffb06925852034d90a17f0d1e05197d4956d3555752191"
dependencies = [
 "matches",
 "percent-encoding",
]

[[package]]
name = "ghost"
version = "0.1.6"
source = "registry+https://github.com/rust-lang/crates.io-index"
checksum = "eb19fe8de3ea0920d282f7b77dd4227aea6b8b999b42cdf0ca41b2472b14443a"
dependencies = [
 "proc-macro2",
 "quote",
 "syn",
]

[[package]]
name = "gimli"
version = "0.26.2"
source = "registry+https://github.com/rust-lang/crates.io-index"
checksum = "22030e2c5a68ec659fde1e949a745124b48e6fa8b045b7ed5bd1fe4ccc5c4e5d"

[[package]]
name = "glob"
version = "0.3.0"
source = "registry+https://github.com/rust-lang/crates.io-index"
checksum = "9b919933a397b79c37e33b77bb2aa3dc8eb6e165ad809e58ff75bc7db2e34574"

[[package]]
name = "heck"
version = "0.4.0"
source = "registry+https://github.com/rust-lang/crates.io-index"
checksum = "2540771e65fc8cb83cd6e8a237f70c319bd5c29f78ed1084ba5d50eeac86f7f9"

[[package]]
name = "hermit-abi"
version = "0.1.19"
source = "registry+https://github.com/rust-lang/crates.io-index"
checksum = "62b467343b94ba476dcb2500d242dadbb39557df889310ac77c5d99100aaac33"
dependencies = [
 "libc",
]

[[package]]
name = "humantime"
version = "2.1.0"
source = "registry+https://github.com/rust-lang/crates.io-index"
checksum = "9a3a5bfb195931eeb336b2a7b4d761daec841b97f947d34394601737a7bba5e4"

[[package]]
name = "idna"
version = "0.2.3"
source = "registry+https://github.com/rust-lang/crates.io-index"
checksum = "418a0a6fab821475f634efe3ccc45c013f742efe03d853e8d3355d5cb850ecf8"
dependencies = [
 "matches",
 "unicode-bidi",
 "unicode-normalization",
]

[[package]]
name = "inventory"
version = "0.2.3"
source = "registry+https://github.com/rust-lang/crates.io-index"
checksum = "84344c6e0b90a9e2b6f3f9abe5cc74402684e348df7b32adca28747e0cef091a"
dependencies = [
 "ctor",
 "ghost",
]

[[package]]
name = "itoa"
version = "1.0.3"
source = "registry+https://github.com/rust-lang/crates.io-index"
checksum = "6c8af84674fe1f223a982c933a0ee1086ac4d4052aa0fb8060c12c6ad838e754"

[[package]]
name = "js-sys"
version = "0.3.59"
source = "registry+https://github.com/rust-lang/crates.io-index"
checksum = "258451ab10b34f8af53416d1fdab72c22e805f0c92a1136d59470ec0b11138b2"
dependencies = [
 "wasm-bindgen",
]

[[package]]
name = "lazy_static"
version = "1.4.0"
source = "registry+https://github.com/rust-lang/crates.io-index"
checksum = "e2abad23fbc42b3700f2f279844dc832adb2b2eb069b2df918f455c4e18cc646"

[[package]]
name = "lazycell"
version = "1.3.0"
source = "registry+https://github.com/rust-lang/crates.io-index"
checksum = "830d08ce1d1d941e6b30645f1a0eb5643013d835ce3779a5fc208261dbe10f55"

[[package]]
name = "libc"
version = "0.2.127"
source = "registry+https://github.com/rust-lang/crates.io-index"
checksum = "505e71a4706fa491e9b1b55f51b95d4037d0821ee40131190475f692b35b009b"

[[package]]
name = "libloading"
version = "0.6.7"
source = "registry+https://github.com/rust-lang/crates.io-index"
checksum = "351a32417a12d5f7e82c368a66781e307834dae04c6ce0cd4456d52989229883"
dependencies = [
 "cfg-if",
 "winapi",
]

[[package]]
name = "link-cplusplus"
version = "1.0.6"
source = "registry+https://github.com/rust-lang/crates.io-index"
checksum = "f8cae2cd7ba2f3f63938b9c724475dfb7b9861b545a90324476324ed21dbc8c8"
dependencies = [
 "cc",
]

[[package]]
name = "log"
version = "0.4.17"
source = "registry+https://github.com/rust-lang/crates.io-index"
checksum = "abb12e687cfb44aa40f41fc3978ef76448f9b6038cad6aef4259d3c095a2382e"
dependencies = [
 "cfg-if",
]

[[package]]
name = "matches"
version = "0.1.9"
source = "registry+https://github.com/rust-lang/crates.io-index"
checksum = "a3e378b66a060d48947b590737b30a1be76706c8dd7b8ba0f2fe3989c68a853f"

[[package]]
name = "memchr"
version = "2.5.0"
source = "registry+https://github.com/rust-lang/crates.io-index"
checksum = "2dffe52ecf27772e601905b7522cb4ef790d2cc203488bbd0e2fe85fcb74566d"

[[package]]
name = "minimal-lexical"
version = "0.2.1"
source = "registry+https://github.com/rust-lang/crates.io-index"
checksum = "68354c5c6bd36d73ff3feceb05efa59b6acb7626617f4962be322a825e61f79a"

[[package]]
name = "miniz_oxide"
version = "0.5.3"
source = "registry+https://github.com/rust-lang/crates.io-index"
checksum = "6f5c75688da582b8ffc1f1799e9db273f32133c49e048f614d22ec3256773ccc"
dependencies = [
 "adler",
]

[[package]]
name = "nom"
version = "7.1.1"
source = "registry+https://github.com/rust-lang/crates.io-index"
checksum = "a8903e5a29a317527874d0402f867152a3d21c908bb0b933e416c65e301d4c36"
dependencies = [
 "memchr",
 "minimal-lexical",
]

[[package]]
name = "nom_locate"
version = "4.0.0"
source = "registry+https://github.com/rust-lang/crates.io-index"
checksum = "37794436ca3029a3089e0b95d42da1f0b565ad271e4d3bb4bad0c7bb70b10605"
dependencies = [
 "bytecount",
 "memchr",
 "nom",
]

[[package]]
name = "num-traits"
version = "0.2.15"
source = "registry+https://github.com/rust-lang/crates.io-index"
checksum = "578ede34cf02f8924ab9447f50c28075b4d3e5b269972345e7e0372b38c6cdcd"
dependencies = [
 "autocfg",
]

[[package]]
name = "object"
version = "0.29.0"
source = "registry+https://github.com/rust-lang/crates.io-index"
checksum = "21158b2c33aa6d4561f1c0a6ea283ca92bc54802a93b263e910746d679a7eb53"
dependencies = [
 "memchr",
]

[[package]]
name = "once_cell"
version = "1.13.0"
source = "registry+https://github.com/rust-lang/crates.io-index"
checksum = "18a6dbe30758c9f83eb00cbea4ac95966305f5a7772f3f42ebfc7fc7eddbd8e1"

[[package]]
name = "open"
version = "2.1.3"
source = "registry+https://github.com/rust-lang/crates.io-index"
checksum = "f2423ffbf445b82e58c3b1543655968923dd06f85432f10be2bb4f1b7122f98c"
dependencies = [
 "pathdiff",
 "windows-sys",
]

[[package]]
name = "ordered-float"
version = "1.1.1"
source = "registry+https://github.com/rust-lang/crates.io-index"
checksum = "3305af35278dd29f46fcdd139e0b1fbfae2153f0e5928b39b035542dd31e37b7"
dependencies = [
 "num-traits",
]

[[package]]
name = "pathdiff"
version = "0.2.1"
source = "registry+https://github.com/rust-lang/crates.io-index"
checksum = "8835116a5c179084a830efb3adc117ab007512b535bc1a21c991d3b32a6b44dd"

[[package]]
name = "peeking_take_while"
version = "0.1.2"
source = "registry+https://github.com/rust-lang/crates.io-index"
checksum = "19b17cddbe7ec3f8bc800887bab5e717348c95ea2ca0b1bf0837fb964dc67099"

[[package]]
name = "percent-encoding"
version = "2.1.0"
source = "registry+https://github.com/rust-lang/crates.io-index"
checksum = "d4fd5641d01c8f18a23da7b6fe29298ff4b55afcccdf78973b24cf3175fee32e"

[[package]]
name = "proc-macro2"
version = "1.0.43"
source = "registry+https://github.com/rust-lang/crates.io-index"
checksum = "0a2ca2c61bc9f3d74d2886294ab7b9853abd9c1ad903a3ac7815c58989bb7bab"
dependencies = [
 "unicode-ident",
]

[[package]]
name = "process_path"
version = "0.1.4"
source = "registry+https://github.com/rust-lang/crates.io-index"
checksum = "f676f11eb0b3e2ea0fbaee218fa6b806689e2297b8c8adc5bf73df465c4f6171"
dependencies = [
 "libc",
 "winapi",
]

[[package]]
name = "quote"
version = "1.0.21"
source = "registry+https://github.com/rust-lang/crates.io-index"
checksum = "bbe448f377a7d6961e30f5955f9b8d106c3f5e449d493ee1b125c1d43c2b5179"
dependencies = [
 "proc-macro2",
]

[[package]]
name = "redox_syscall"
version = "0.2.16"
source = "registry+https://github.com/rust-lang/crates.io-index"
checksum = "fb5a58c1855b4b6819d59012155603f0b22ad30cad752600aadfcb695265519a"
dependencies = [
 "bitflags",
]

[[package]]
name = "ref-cast"
version = "1.0.9"
source = "registry+https://github.com/rust-lang/crates.io-index"
checksum = "ed13bcd201494ab44900a96490291651d200730904221832b9547d24a87d332b"
dependencies = [
 "ref-cast-impl",
]

[[package]]
name = "ref-cast-impl"
version = "1.0.9"
source = "registry+https://github.com/rust-lang/crates.io-index"
checksum = "5234cd6063258a5e32903b53b1b6ac043a0541c8adc1f610f67b0326c7a578fa"
dependencies = [
 "proc-macro2",
 "quote",
 "syn",
]

[[package]]
name = "regex"
version = "1.6.0"
source = "registry+https://github.com/rust-lang/crates.io-index"
checksum = "4c4eb3267174b8c6c2f654116623910a0fef09c4753f8dd83db29c48a0df988b"
dependencies = [
 "aho-corasick",
 "memchr",
 "regex-syntax",
]

[[package]]
name = "regex-syntax"
version = "0.6.27"
source = "registry+https://github.com/rust-lang/crates.io-index"
checksum = "a3f87b73ce11b1619a3c6332f45341e0047173771e8b8b73f87bfeefb7b56244"

[[package]]
name = "ring"
version = "0.16.20"
source = "registry+https://github.com/rust-lang/crates.io-index"
checksum = "3053cf52e236a3ed746dfc745aa9cacf1b791d846bdaf412f60a8d7d6e17c8fc"
dependencies = [
 "cc",
 "libc",
 "once_cell",
 "spin",
 "untrusted",
 "web-sys",
 "winapi",
]

[[package]]
name = "rustc-demangle"
version = "0.1.21"
source = "registry+https://github.com/rust-lang/crates.io-index"
checksum = "7ef03e0a2b150c7a90d01faf6254c9c48a41e95fb2a8c2ac1c6f0d2b9aefc342"

[[package]]
name = "rustc-hash"
version = "1.1.0"
source = "registry+https://github.com/rust-lang/crates.io-index"
checksum = "08d43f7aa6b08d49f382cde6a7982047c3426db949b1424bc4b7ec9ae12c6ce2"

[[package]]
name = "rustls"
version = "0.20.6"
source = "registry+https://github.com/rust-lang/crates.io-index"
checksum = "5aab8ee6c7097ed6057f43c187a62418d0c05a4bd5f18b3571db50ee0f9ce033"
dependencies = [
 "log",
 "ring",
 "sct",
 "webpki",
]

[[package]]
name = "ryu"
version = "1.0.11"
source = "registry+https://github.com/rust-lang/crates.io-index"
checksum = "4501abdff3ae82a1c1b477a17252eb69cee9e66eb915c1abaa4f44d873df9f09"

[[package]]
name = "sct"
version = "0.7.0"
source = "registry+https://github.com/rust-lang/crates.io-index"
checksum = "d53dcdb7c9f8158937a7981b48accfd39a43af418591a5d008c7b22b5e1b7ca4"
dependencies = [
 "ring",
 "untrusted",
]

[[package]]
name = "serde"
version = "1.0.142"
source = "registry+https://github.com/rust-lang/crates.io-index"
checksum = "e590c437916fb6b221e1d00df6e3294f3fccd70ca7e92541c475d6ed6ef5fee2"

[[package]]
name = "serde_json"
version = "1.0.83"
source = "registry+https://github.com/rust-lang/crates.io-index"
checksum = "38dd04e3c8279e75b31ef29dbdceebfe5ad89f4d0937213c53f7d49d01b3d5a7"
dependencies = [
 "itoa",
 "ryu",
 "serde",
]

[[package]]
name = "shlex"
version = "1.1.0"
source = "registry+https://github.com/rust-lang/crates.io-index"
checksum = "43b2853a4d09f215c24cc5489c992ce46052d359b5109343cbafbf26bc62f8a3"

[[package]]
name = "skia-bindings"
version = "0.47.0"
source = "registry+https://github.com/rust-lang/crates.io-index"
checksum = "63412121762e69536526614475458d75587a7b77bfc6bc77132bc393893b7f28"
dependencies = [
 "bindgen",
 "cc",
 "clang-sys",
 "flate2",
 "heck",
 "lazy_static",
 "regex",
 "serde_json",
 "tar",
 "toml",
 "ureq",
]

[[package]]
name = "skia-safe"
version = "0.47.0"
source = "registry+https://github.com/rust-lang/crates.io-index"
checksum = "3f0d277ef871cfc9815f20bd08b6b06b1282107050b1873738fb499f3b342205"
dependencies = [
 "bitflags",
 "lazy_static",
 "skia-bindings",
]

[[package]]
name = "spin"
version = "0.5.2"
source = "registry+https://github.com/rust-lang/crates.io-index"
checksum = "6e63cff320ae2c57904679ba7cb63280a3dc4613885beafb148ee7bf9aa9042d"

[[package]]
name = "static_assertions"
version = "1.1.0"
source = "registry+https://github.com/rust-lang/crates.io-index"
checksum = "a2eb9349b6444b326872e140eb1cf5e7c522154d69e7a0ffb0fb81c06b37543f"

[[package]]
name = "strsim"
version = "0.8.0"
source = "registry+https://github.com/rust-lang/crates.io-index"
checksum = "8ea5119cdb4c55b55d432abb513a0429384878c15dde60cc77b1c99de1a95a6a"

[[package]]
name = "syn"
version = "1.0.99"
source = "registry+https://github.com/rust-lang/crates.io-index"
checksum = "58dbef6ec655055e20b86b15a8cc6d439cca19b667537ac6a1369572d151ab13"
dependencies = [
 "proc-macro2",
 "quote",
 "unicode-ident",
]

[[package]]
name = "tar"
version = "0.4.38"
source = "registry+https://github.com/rust-lang/crates.io-index"
checksum = "4b55807c0344e1e6c04d7c965f5289c39a8d94ae23ed5c0b57aabac549f871c6"
dependencies = [
 "filetime",
 "libc",
 "xattr",
]

[[package]]
name = "termcolor"
version = "1.1.3"
source = "registry+https://github.com/rust-lang/crates.io-index"
checksum = "bab24d30b911b2376f3a13cc2cd443142f0c81dda04c118693e35b3835757755"
dependencies = [
 "winapi-util",
]

[[package]]
name = "textwrap"
version = "0.11.0"
source = "registry+https://github.com/rust-lang/crates.io-index"
checksum = "d326610f408c7a4eb6f51c37c330e496b08506c9457c9d34287ecc38809fb060"
dependencies = [
 "unicode-width",
]

[[package]]
name = "tinyvec"
version = "1.6.0"
source = "registry+https://github.com/rust-lang/crates.io-index"
checksum = "87cc5ceb3875bb20c2890005a4e226a4651264a5c75edb2421b52861a0a0cb50"
dependencies = [
 "tinyvec_macros",
]

[[package]]
name = "tinyvec_macros"
version = "0.1.0"
source = "registry+https://github.com/rust-lang/crates.io-index"
checksum = "cda74da7e1a664f795bb1f8a87ec406fb89a02522cf6e50620d016add6dbbf5c"

[[package]]
name = "toml"
version = "0.5.9"
source = "registry+https://github.com/rust-lang/crates.io-index"
checksum = "8d82e1a7758622a465f8cee077614c73484dac5b836c02ff6a40d5d1010324d7"
dependencies = [
 "serde",
]

[[package]]
name = "unicode-bidi"
version = "0.3.8"
source = "registry+https://github.com/rust-lang/crates.io-index"
checksum = "099b7128301d285f79ddd55b9a83d5e6b9e97c92e0ea0daebee7263e932de992"

[[package]]
name = "unicode-ident"
version = "1.0.3"
source = "registry+https://github.com/rust-lang/crates.io-index"
checksum = "c4f5b37a154999a8f3f98cc23a628d850e154479cd94decf3414696e12e31aaf"

[[package]]
name = "unicode-normalization"
version = "0.1.21"
source = "registry+https://github.com/rust-lang/crates.io-index"
checksum = "854cbdc4f7bc6ae19c820d44abdc3277ac3e1b2b93db20a636825d9322fb60e6"
dependencies = [
 "tinyvec",
]

[[package]]
name = "unicode-width"
version = "0.1.9"
source = "registry+https://github.com/rust-lang/crates.io-index"
checksum = "3ed742d4ea2bd1176e236172c8429aaf54486e7ac098db29ffe6529e0ce50973"

[[package]]
name = "untrusted"
version = "0.7.1"
source = "registry+https://github.com/rust-lang/crates.io-index"
checksum = "a156c684c91ea7d62626509bce3cb4e1d9ed5c4d978f7b4352658f96a4c26b4a"

[[package]]
name = "ureq"
version = "2.5.0"
source = "registry+https://github.com/rust-lang/crates.io-index"
checksum = "b97acb4c28a254fd7a4aeec976c46a7fa404eac4d7c134b30c75144846d7cb8f"
dependencies = [
 "base64",
 "chunked_transfer",
 "flate2",
 "log",
 "once_cell",
 "rustls",
 "url",
 "webpki",
 "webpki-roots",
]

[[package]]
name = "url"
version = "2.2.2"
source = "registry+https://github.com/rust-lang/crates.io-index"
checksum = "a507c383b2d33b5fc35d1861e77e6b383d158b2da5e14fe51b83dfedf6fd578c"
dependencies = [
 "form_urlencoded",
 "idna",
 "matches",
 "percent-encoding",
]

[[package]]
name = "vec_map"
version = "0.8.2"
source = "registry+https://github.com/rust-lang/crates.io-index"
checksum = "f1bddf1187be692e79c5ffeab891132dfb0f236ed36a43c7ed39f1165ee20191"

[[package]]
name = "wasm-bindgen"
version = "0.2.82"
source = "registry+https://github.com/rust-lang/crates.io-index"
checksum = "fc7652e3f6c4706c8d9cd54832c4a4ccb9b5336e2c3bd154d5cccfbf1c1f5f7d"
dependencies = [
 "cfg-if",
 "wasm-bindgen-macro",
]

[[package]]
name = "wasm-bindgen-backend"
version = "0.2.82"
source = "registry+https://github.com/rust-lang/crates.io-index"
checksum = "662cd44805586bd52971b9586b1df85cdbbd9112e4ef4d8f41559c334dc6ac3f"
dependencies = [
 "bumpalo",
 "log",
 "once_cell",
 "proc-macro2",
 "quote",
 "syn",
 "wasm-bindgen-shared",
]

[[package]]
name = "wasm-bindgen-macro"
version = "0.2.82"
source = "registry+https://github.com/rust-lang/crates.io-index"
checksum = "b260f13d3012071dfb1512849c033b1925038373aea48ced3012c09df952c602"
dependencies = [
 "quote",
 "wasm-bindgen-macro-support",
]

[[package]]
name = "wasm-bindgen-macro-support"
version = "0.2.82"
source = "registry+https://github.com/rust-lang/crates.io-index"
checksum = "5be8e654bdd9b79216c2929ab90721aa82faf65c48cdf08bdc4e7f51357b80da"
dependencies = [
 "proc-macro2",
 "quote",
 "syn",
 "wasm-bindgen-backend",
 "wasm-bindgen-shared",
]

[[package]]
name = "wasm-bindgen-shared"
version = "0.2.82"
source = "registry+https://github.com/rust-lang/crates.io-index"
checksum = "6598dd0bd3c7d51095ff6531a5b23e02acdc81804e30d8f07afb77b7215a140a"

[[package]]
name = "web-sys"
version = "0.3.59"
source = "registry+https://github.com/rust-lang/crates.io-index"
checksum = "ed055ab27f941423197eb86b2035720b1a3ce40504df082cac2ecc6ed73335a1"
dependencies = [
 "js-sys",
 "wasm-bindgen",
]

[[package]]
name = "webpki"
version = "0.22.0"
source = "registry+https://github.com/rust-lang/crates.io-index"
checksum = "f095d78192e208183081cc07bc5515ef55216397af48b873e5edcd72637fa1bd"
dependencies = [
 "ring",
 "untrusted",
]

[[package]]
name = "webpki-roots"
version = "0.22.4"
source = "registry+https://github.com/rust-lang/crates.io-index"
checksum = "f1c760f0d366a6c24a02ed7816e23e691f5d92291f94d15e836006fd11b04daf"
dependencies = [
 "webpki",
]

[[package]]
name = "which"
version = "4.2.5"
source = "registry+https://github.com/rust-lang/crates.io-index"
checksum = "5c4fb54e6113b6a8772ee41c3404fb0301ac79604489467e0a9ce1f3e97c24ae"
dependencies = [
 "either",
 "lazy_static",
 "libc",
]

[[package]]
name = "winapi"
version = "0.3.9"
source = "registry+https://github.com/rust-lang/crates.io-index"
checksum = "5c839a674fcd7a98952e593242ea400abe93992746761e38641405d28b00f419"
dependencies = [
 "winapi-i686-pc-windows-gnu",
 "winapi-x86_64-pc-windows-gnu",
]

[[package]]
name = "winapi-i686-pc-windows-gnu"
version = "0.4.0"
source = "registry+https://github.com/rust-lang/crates.io-index"
checksum = "ac3b87c63620426dd9b991e5ce0329eff545bccbbb34f3be09ff6fb6ab51b7b6"

[[package]]
name = "winapi-util"
version = "0.1.5"
source = "registry+https://github.com/rust-lang/crates.io-index"
checksum = "70ec6ce85bb158151cae5e5c87f95a8e97d2c0c4b001223f33a334e3ce5de178"
dependencies = [
 "winapi",
]

[[package]]
name = "winapi-x86_64-pc-windows-gnu"
version = "0.4.0"
source = "registry+https://github.com/rust-lang/crates.io-index"
checksum = "712e227841d057c1ee1cd2fb22fa7e5a5461ae8e48fa2ca79ec42cfc1931183f"

[[package]]
name = "windows"
version = "0.32.0"
source = "registry+https://github.com/rust-lang/crates.io-index"
checksum = "fbedf6db9096bc2364adce0ae0aa636dcd89f3c3f2cd67947062aaf0ca2a10ec"
dependencies = [
 "windows_aarch64_msvc 0.32.0",
 "windows_i686_gnu 0.32.0",
 "windows_i686_msvc 0.32.0",
 "windows_x86_64_gnu 0.32.0",
 "windows_x86_64_msvc 0.32.0",
]

[[package]]
name = "windows-sys"
version = "0.36.1"
source = "registry+https://github.com/rust-lang/crates.io-index"
checksum = "ea04155a16a59f9eab786fe12a4a450e75cdb175f9e0d80da1e17db09f55b8d2"
dependencies = [
 "windows_aarch64_msvc 0.36.1",
 "windows_i686_gnu 0.36.1",
 "windows_i686_msvc 0.36.1",
 "windows_x86_64_gnu 0.36.1",
 "windows_x86_64_msvc 0.36.1",
]

[[package]]
name = "windows_aarch64_msvc"
version = "0.32.0"
source = "registry+https://github.com/rust-lang/crates.io-index"
checksum = "d8e92753b1c443191654ec532f14c199742964a061be25d77d7a96f09db20bf5"

[[package]]
name = "windows_aarch64_msvc"
version = "0.36.1"
source = "registry+https://github.com/rust-lang/crates.io-index"
checksum = "9bb8c3fd39ade2d67e9874ac4f3db21f0d710bee00fe7cab16949ec184eeaa47"

[[package]]
name = "windows_i686_gnu"
version = "0.32.0"
source = "registry+https://github.com/rust-lang/crates.io-index"
checksum = "6a711c68811799e017b6038e0922cb27a5e2f43a2ddb609fe0b6f3eeda9de615"

[[package]]
name = "windows_i686_gnu"
version = "0.36.1"
source = "registry+https://github.com/rust-lang/crates.io-index"
checksum = "180e6ccf01daf4c426b846dfc66db1fc518f074baa793aa7d9b9aaeffad6a3b6"

[[package]]
name = "windows_i686_msvc"
version = "0.32.0"
source = "registry+https://github.com/rust-lang/crates.io-index"
checksum = "146c11bb1a02615db74680b32a68e2d61f553cc24c4eb5b4ca10311740e44172"

[[package]]
name = "windows_i686_msvc"
version = "0.36.1"
source = "registry+https://github.com/rust-lang/crates.io-index"
checksum = "e2e7917148b2812d1eeafaeb22a97e4813dfa60a3f8f78ebe204bcc88f12f024"

[[package]]
name = "windows_x86_64_gnu"
version = "0.32.0"
source = "registry+https://github.com/rust-lang/crates.io-index"
checksum = "c912b12f7454c6620635bbff3450962753834be2a594819bd5e945af18ec64bc"

[[package]]
name = "windows_x86_64_gnu"
version = "0.36.1"
source = "registry+https://github.com/rust-lang/crates.io-index"
checksum = "4dcd171b8776c41b97521e5da127a2d86ad280114807d0b2ab1e462bc764d9e1"

[[package]]
name = "windows_x86_64_msvc"
version = "0.32.0"
source = "registry+https://github.com/rust-lang/crates.io-index"
checksum = "504a2476202769977a040c6364301a3f65d0cc9e3fb08600b2bda150a0488316"

[[package]]
name = "windows_x86_64_msvc"
version = "0.36.1"
source = "registry+https://github.com/rust-lang/crates.io-index"
checksum = "c811ca4a8c853ef420abd8592ba53ddbbac90410fab6903b3e79972a631f7680"

[[package]]
name = "wolfram-app-discovery"
version = "0.2.2"
source = "registry+https://github.com/rust-lang/crates.io-index"
checksum = "2704e92eaeeab3ca8dab35949640be1a396bda358c49a04141ee904ae5c6167b"
dependencies = [
 "core-foundation",
 "once_cell",
 "regex",
 "windows",
]

[[package]]
name = "wolfram-expr"
version = "0.1.2"
source = "registry+https://github.com/rust-lang/crates.io-index"
checksum = "cdecf0bd83247cbe1e93d2700be1973ba250610eba50fda3c94cd5a51e32d035"
dependencies = [
 "nom",
 "nom_locate",
 "ordered-float",
]

[[package]]
name = "wolfram-library-link"
version = "0.2.5"
source = "registry+https://github.com/rust-lang/crates.io-index"
checksum = "0a36ad537be5df3146b66f0470d5c7199742544c43f61479cd36727917e1c0e1"
dependencies = [
 "backtrace",
 "inventory",
 "once_cell",
 "process_path",
 "ref-cast",
 "static_assertions",
 "wolfram-expr",
 "wolfram-library-link-macros",
 "wolfram-library-link-sys",
 "wstp",
]

[[package]]
name = "wolfram-library-link-macros"
version = "0.2.5"
source = "registry+https://github.com/rust-lang/crates.io-index"
checksum = "4c94fffd50c90dfef51ed2a8e92a516f218c4cb094c422f9b92a5f58fdcaab02"
dependencies = [
 "proc-macro2",
 "quote",
 "syn",
]

[[package]]
name = "wolfram-library-link-sys"
version = "0.2.5"
source = "registry+https://github.com/rust-lang/crates.io-index"
checksum = "01d01e5d7919fe06b0ba0022e8a928c964a381d30fbbe3f906b1d2ba170164ec"
dependencies = [
 "bindgen",
 "wolfram-app-discovery",
]

[[package]]
name = "wstp"
version = "0.2.2"
source = "registry+https://github.com/rust-lang/crates.io-index"
checksum = "942c5058c2e33afc409d9ba8e09d27d1b013cc19cdaeaac0182af1341e0034d3"
dependencies = [
 "once_cell",
 "ref-cast",
 "wolfram-expr",
 "wstp-sys",
]

[[package]]
name = "wstp-sys"
version = "0.2.2"
source = "registry+https://github.com/rust-lang/crates.io-index"
checksum = "409757fed6c0d316c4837d3fe63473d74461f266cc7bc4363789869ef7e17339"
dependencies = [
 "bindgen",
 "link-cplusplus",
 "wolfram-app-discovery",
]

[[package]]
name = "xattr"
version = "0.2.3"
source = "registry+https://github.com/rust-lang/crates.io-index"
checksum = "6d1526bbe5aaeb5eb06885f4d987bcdfa5e23187055de9b83fe00156a821fabc"
dependencies = [
 "libc",
]
